
Microsoft Visual Studio Solution File, Format Version 12.00
# Visual Studio Version 17
VisualStudioVersion = 17.9.34728.123
MinimumVisualStudioVersion = 10.0.40219.1
Project("{FAE04EC0-301F-11D3-BF4B-00C04F79EFBC}") = "MVCBookAesthetic", "MVCBookAesthetic\MVCBookAesthetic.csproj", "{1B7147B2-7545-4F37-A30F-24F8D8D336F8}"
EndProject
Global
	GlobalSection(SolutionConfigurationPlatforms) = preSolution
		Debug|Any CPU = Debug|Any CPU
		Release|Any CPU = Release|Any CPU
	EndGlobalSection
	GlobalSection(ProjectConfigurationPlatforms) = postSolution
		{1B7147B2-7545-4F37-A30F-24F8D8D336F8}.Debug|Any CPU.ActiveCfg = Debug|Any CPU
		{1B7147B2-7545-4F37-A30F-24F8D8D336F8}.Debug|Any CPU.Build.0 = Debug|Any CPU
		{1B7147B2-7545-4F37-A30F-24F8D8D336F8}.Release|Any CPU.ActiveCfg = Release|Any CPU
		{1B7147B2-7545-4F37-A30F-24F8D8D336F8}.Release|Any CPU.Build.0 = Release|Any CPU
	EndGlobalSection
	GlobalSection(SolutionProperties) = preSolution
		HideSolutionNode = FALSE
	EndGlobalSection
	GlobalSection(ExtensibilityGlobals) = postSolution
		SolutionGuid = {C5A7D5E4-8B81-46F1-9F52-6EFBD225291E}
	EndGlobalSection
EndGlobal
